{
  "name": "@vengrover8642/is",
  "version": "0.1.3",
  "description": "UI components library",
  "main": "./dist/is.umd.js",
  "module": "./dist/is.es.js",
  "types": "./dist/index.d.ts",
  "files": [
    "dist",
    "src/components"
  ],
  "exports": {
    ".": {
      "import": "./dist/is.es.js",
      "require": "./dist/is.umd.js",
      "types": "./dist/index.d.ts"
    }
  },
  "scripts": {
    "dev": "vite",
    "build": "vite build",
    "prepublishOnly": "npm run build"
  },
  "peerDependencies": {
    "vue": "^3.3.0"
  }
}